{
  "version": "2",
  "remote": {
    "https://deno.land/x/zod@v3.20.0/ZodError.ts": "add9043f2ce184a9ff49238017f6be358e20b29a2de3669fc1eff369c7da52af",
    "https://deno.land/x/zod@v3.20.0/errors.ts": "5285922d2be9700cc0c70c95e4858952b07ae193aa0224be3cbd5cd5567eabef",
    "https://deno.land/x/zod@v3.20.0/external.ts": "584f70718e55ae2660d18a552f9c3a5d022f8153aa43e6537f2c2738d6808d42",
    "https://deno.land/x/zod@v3.20.0/helpers/enumUtil.ts": "54efc393cc9860e687d8b81ff52e980def00fa67377ad0bf8b3104f8a5bf698c",
    "https://deno.land/x/zod@v3.20.0/helpers/errorUtil.ts": "7a77328240be7b847af6de9189963bd9f79cab32bbc61502a9db4fe6683e2ea7",
    "https://deno.land/x/zod@v3.20.0/helpers/parseUtil.ts": "920a5623929a4be9110412f82d16ccda537a58e153c942a6d6b8a38329f293a1",
    "https://deno.land/x/zod@v3.20.0/helpers/partialUtil.ts": "8dc921a02b47384cf52217c7e539268daf619f89319b75bdf13ea178815725df",
    "https://deno.land/x/zod@v3.20.0/helpers/typeAliases.ts": "0fda31a063c6736fc3cf9090dd94865c811dfff4f3cb8707b932bf937c6f2c3e",
    "https://deno.land/x/zod@v3.20.0/helpers/util.ts": "a2548e96d646ea4a80636e311e1e2310edc26d8249808883bb4e3ea9930d4197",
    "https://deno.land/x/zod@v3.20.0/index.ts": "035a7422d9f2be54daa0fe464254b69225b443000673e4794095d672471e8792",
    "https://deno.land/x/zod@v3.20.0/locales/en.ts": "8ee8b6f6fc22a64de4f638eb123670e7d5bc969c45ce879498001be8ec570d33",
    "https://deno.land/x/zod@v3.20.0/mod.ts": "64e55237cb4410e17d968cd08975566059f27638ebb0b86048031b987ba251c4",
    "https://deno.land/x/zod@v3.20.0/types.ts": "aa2a8af17bce0de4b08992031f61b01294c588d7958eb3dee87969c642b665d8"
  }
}
